
Microsoft Visual Studio Solution File, Format Version 12.00
# Visual Studio Version 17
VisualStudioVersion = 17.14.36518.9 d17.14
MinimumVisualStudioVersion = 10.0.40219.1
Project("{FAE04EC0-301F-11D3-BF4B-00C04F79EFBC}") = "PackEditor", "PackEditor.csproj", "{7EEF1AFC-8DC5-4123-AB27-95E01B251E47}"
EndProject
Global
	GlobalSection(SolutionConfigurationPlatforms) = preSolution
		Debug|Any CPU = Debug|Any CPU
		Release|Any CPU = Release|Any CPU
	EndGlobalSection
	GlobalSection(ProjectConfigurationPlatforms) = postSolution
		{7EEF1AFC-8DC5-4123-AB27-95E01B251E47}.Debug|Any CPU.ActiveCfg = Debug|Any CPU
		{7EEF1AFC-8DC5-4123-AB27-95E01B251E47}.Debug|Any CPU.Build.0 = Debug|Any CPU
		{7EEF1AFC-8DC5-4123-AB27-95E01B251E47}.Release|Any CPU.ActiveCfg = Release|Any CPU
		{7EEF1AFC-8DC5-4123-AB27-95E01B251E47}.Release|Any CPU.Build.0 = Release|Any CPU
	EndGlobalSection
	GlobalSection(SolutionProperties) = preSolution
		HideSolutionNode = FALSE
	EndGlobalSection
	GlobalSection(ExtensibilityGlobals) = postSolution
		SolutionGuid = {C399E8C2-3C95-43F2-A6CA-2F785D97F5EC}
	EndGlobalSection
EndGlobal
